{
  "name": "telegram-bot-gs",
  "lockfileVersion": 3,
  "requires": true,
  "packages": {
    "": {
      "dependencies": {
        "@grammyjs/types": "^3.14.0"
      },
      "devDependencies": {
        "@types/google-apps-script": "^1.0.83",
        "typescript": "^5.5.4"
      }
    },
    "node_modules/@grammyjs/types": {
      "version": "3.14.0",
      "resolved": "https://registry.npmjs.org/@grammyjs/types/-/types-3.14.0.tgz",
      "integrity": "sha512-uUVikYAiHNU8CvkeQ6YA/QPbMLgTTpFVLp83VkXCs423w6cDsvfdA6bcrQJGUnc/Q6zHQXXZUftXDYl2b/6L4A==",
      "license": "MIT"
    },
    "node_modules/@types/google-apps-script": {
      "version": "1.0.83",
      "resolved": "https://registry.npmjs.org/@types/google-apps-script/-/google-apps-script-1.0.83.tgz",
      "integrity": "sha512-o+QNeNZxPAfYHzRiLHjub9qF0IILg21r9MzYlnrIHUT+/wcC70aqDfedmzKTgtzsj79zvoTZD0cjGgy46+1Ynw==",
      "dev": true,
      "license": "MIT"
    },
    "node_modules/typescript": {
      "version": "5.5.4",
      "resolved": "https://registry.npmjs.org/typescript/-/typescript-5.5.4.tgz",
      "integrity": "sha512-Mtq29sKDAEYP7aljRgtPOpTvOfbwRWlS6dPRzwjdE+C0R4brX/GUyhHSecbHMFLNBLcJIPt9nl9yG5TZ1weH+Q==",
      "dev": true,
      "license": "Apache-2.0",
      "bin": {
        "tsc": "bin/tsc",
        "tsserver": "bin/tsserver"
      },
      "engines": {
        "node": ">=14.17"
      }
    }
  }
}
